Microsoft Visual Studio Solution File, Format Version 12.00
# Visual Studio Version 17
VisualStudioVersion = 17.5.2.0
MinimumVisualStudioVersion = 10.0.40219.1
Project("{2150E333-8FDC-42A3-9474-1A3956D46DE8}") = "tools", "tools", "{07C2787E-EAC7-C090-1BA3-A61EC2A24D84}"
EndProject
Project("{2150E333-8FDC-42A3-9474-1A3956D46DE8}") = "scripts", "scripts", "{70A802A3-6520-0D7C-BD7F-B737843CD9BD}"
EndProject
Project("{FAE04EC0-301F-11D3-BF4B-00C04F79EFBC}") = "SplashKitSDK", "tools\scripts\nuget-pkg\SplashKitSDK.csproj", "{2DC23E82-D98E-4525-A6AD-7C987D89EEF2}"
EndProject
Project("{FAE04EC0-301F-11D3-BF4B-00C04F79EFBC}") = "test", "tools\scripts\test\test.csproj", "{011D428E-D13D-FE61-F4E0-F66059E34265}"
EndProject
Global
	GlobalSection(SolutionConfigurationPlatforms) = preSolution
		Debug|Any CPU = Debug|Any CPU
		Release|Any CPU = Release|Any CPU
	EndGlobalSection
	GlobalSection(ProjectConfigurationPlatforms) = postSolution
		{2DC23E82-D98E-4525-A6AD-7C987D89EEF2}.Debug|Any CPU.ActiveCfg = Debug|Any CPU
		{2DC23E82-D98E-4525-A6AD-7C987D89EEF2}.Debug|Any CPU.Build.0 = Debug|Any CPU
		{2DC23E82-D98E-4525-A6AD-7C987D89EEF2}.Release|Any CPU.ActiveCfg = Release|Any CPU
		{2DC23E82-D98E-4525-A6AD-7C987D89EEF2}.Release|Any CPU.Build.0 = Release|Any CPU
		{011D428E-D13D-FE61-F4E0-F66059E34265}.Debug|Any CPU.ActiveCfg = Debug|Any CPU
		{011D428E-D13D-FE61-F4E0-F66059E34265}.Debug|Any CPU.Build.0 = Debug|Any CPU
		{011D428E-D13D-FE61-F4E0-F66059E34265}.Release|Any CPU.ActiveCfg = Release|Any CPU
		{011D428E-D13D-FE61-F4E0-F66059E34265}.Release|Any CPU.Build.0 = Release|Any CPU
	EndGlobalSection
	GlobalSection(SolutionProperties) = preSolution
		HideSolutionNode = FALSE
	EndGlobalSection
	GlobalSection(NestedProjects) = preSolution
		{70A802A3-6520-0D7C-BD7F-B737843CD9BD} = {07C2787E-EAC7-C090-1BA3-A61EC2A24D84}
		{2DC23E82-D98E-4525-A6AD-7C987D89EEF2} = {70A802A3-6520-0D7C-BD7F-B737843CD9BD}
		{011D428E-D13D-FE61-F4E0-F66059E34265} = {70A802A3-6520-0D7C-BD7F-B737843CD9BD}
	EndGlobalSection
	GlobalSection(ExtensibilityGlobals) = postSolution
		SolutionGuid = {6B4188BE-F588-45B8-B2A5-7C9332C5D84A}
	EndGlobalSection
EndGlobal
